
Microsoft Visual Studio Solution File, Format Version 12.00
# Visual Studio Version 17
VisualStudioVersion = 17.4.33205.214
MinimumVisualStudioVersion = 10.0.40219.1
Project("{FAE04EC0-301F-11D3-BF4B-00C04F79EFBC}") = "Calculator.cs", "Calculator.cs.csproj", "{FD34D95F-F9DE-4A74-BD28-413634707E24}"
EndProject
Global
	GlobalSection(SolutionConfigurationPlatforms) = preSolution
		Debug|Any CPU = Debug|Any CPU
		Release|Any CPU = Release|Any CPU
	EndGlobalSection
	GlobalSection(ProjectConfigurationPlatforms) = postSolution
		{FD34D95F-F9DE-4A74-BD28-413634707E24}.Debug|Any CPU.ActiveCfg = Debug|Any CPU
		{FD34D95F-F9DE-4A74-BD28-413634707E24}.Debug|Any CPU.Build.0 = Debug|Any CPU
		{FD34D95F-F9DE-4A74-BD28-413634707E24}.Release|Any CPU.ActiveCfg = Release|Any CPU
		{FD34D95F-F9DE-4A74-BD28-413634707E24}.Release|Any CPU.Build.0 = Release|Any CPU
	EndGlobalSection
	GlobalSection(SolutionProperties) = preSolution
		HideSolutionNode = FALSE
	EndGlobalSection
	GlobalSection(ExtensibilityGlobals) = postSolution
		SolutionGuid = {0C645730-A7B4-4CB7-BE33-E971C288CB02}
	EndGlobalSection
EndGlobal
